
Microsoft Visual Studio Solution File, Format Version 12.00
# Visual Studio 15
VisualStudioVersion = 15.0.27428.2043
MinimumVisualStudioVersion = 10.0.40219.1
Project("{9A19103F-16F7-4668-BE54-9A1E7A4F7556}") = "WebApi", "App.WebApi\WebApi.csproj", "{8CA631AB-3957-45F3-A244-6D945BB68EA3}"
EndProject
Project("{9A19103F-16F7-4668-BE54-9A1E7A4F7556}") = "App.Model", "App.Domain\App.Model.csproj", "{575C076A-FD57-4ABA-B190-99A045614412}"
EndProject
Project("{9A19103F-16F7-4668-BE54-9A1E7A4F7556}") = "App.Service", "App.Service\App.Service.csproj", "{E0AD08CB-59CF-4730-B09E-D84308870E3B}"
EndProject
Project("{9A19103F-16F7-4668-BE54-9A1E7A4F7556}") = "App.DAL", "App.DAL\App.DAL.csproj", "{4FE7DAA3-70D5-41CE-BD30-661A7610BA12}"
EndProject
Global
	GlobalSection(SolutionConfigurationPlatforms) = preSolution
		Debug|Any CPU = Debug|Any CPU
		Release|Any CPU = Release|Any CPU
	EndGlobalSection
	GlobalSection(ProjectConfigurationPlatforms) = postSolution
		{8CA631AB-3957-45F3-A244-6D945BB68EA3}.Debug|Any CPU.ActiveCfg = Debug|Any CPU
		{8CA631AB-3957-45F3-A244-6D945BB68EA3}.Debug|Any CPU.Build.0 = Debug|Any CPU
		{8CA631AB-3957-45F3-A244-6D945BB68EA3}.Release|Any CPU.ActiveCfg = Release|Any CPU
		{8CA631AB-3957-45F3-A244-6D945BB68EA3}.Release|Any CPU.Build.0 = Release|Any CPU
		{575C076A-FD57-4ABA-B190-99A045614412}.Debug|Any CPU.ActiveCfg = Debug|Any CPU
		{575C076A-FD57-4ABA-B190-99A045614412}.Debug|Any CPU.Build.0 = Debug|Any CPU
		{575C076A-FD57-4ABA-B190-99A045614412}.Release|Any CPU.ActiveCfg = Release|Any CPU
		{575C076A-FD57-4ABA-B190-99A045614412}.Release|Any CPU.Build.0 = Release|Any CPU
		{E0AD08CB-59CF-4730-B09E-D84308870E3B}.Debug|Any CPU.ActiveCfg = Debug|Any CPU
		{E0AD08CB-59CF-4730-B09E-D84308870E3B}.Debug|Any CPU.Build.0 = Debug|Any CPU
		{E0AD08CB-59CF-4730-B09E-D84308870E3B}.Release|Any CPU.ActiveCfg = Release|Any CPU
		{E0AD08CB-59CF-4730-B09E-D84308870E3B}.Release|Any CPU.Build.0 = Release|Any CPU
		{4FE7DAA3-70D5-41CE-BD30-661A7610BA12}.Debug|Any CPU.ActiveCfg = Debug|Any CPU
		{4FE7DAA3-70D5-41CE-BD30-661A7610BA12}.Debug|Any CPU.Build.0 = Debug|Any CPU
		{4FE7DAA3-70D5-41CE-BD30-661A7610BA12}.Release|Any CPU.ActiveCfg = Release|Any CPU
		{4FE7DAA3-70D5-41CE-BD30-661A7610BA12}.Release|Any CPU.Build.0 = Release|Any CPU
	EndGlobalSection
	GlobalSection(SolutionProperties) = preSolution
		HideSolutionNode = FALSE
	EndGlobalSection
	GlobalSection(ExtensibilityGlobals) = postSolution
		SolutionGuid = {63D49EC7-DB3F-4910-A787-19ABB9CDFFDE}
	EndGlobalSection
EndGlobal
